version = 1
revision = 3
requires-python = ">=3.10"

[[package]]
name = "azure-core"
version = "1.41.0"
source = { registry = "https://pypi.org/simple" }
dependencies = [
    { name = "requests" },
    { name = "typing-extensions" },
]
sdist = { url = "https://files.pythonhosted.org/packages/a6/f3/b416179e408990df5db0d516283022dde0f5d0111d98c1a848e41853e81c/azure_core-1.41.0.tar.gz", hash = "sha256:f46ff5dfcd230f25cf1c19e8a34b8dc08a337b2503e268bb600a16c00db8ad5a", size = 381042, upload-time = "2026-05-07T23:30:54.302Z" }
wheels = [
    { url = "https://files.pythonhosted.org/packages/5b/db/325c6d7312d2200251c52323878281045aaffcb5586612296484e4280eaa/azure_core-1.41.0-py3-none-any.whl", hash = "sha256:522b4011e8180b1a3dcd2024396a4e7fe9ac37fb8597db47163d230b5efe892d", size = 220920, upload-time = "2026-05-07T23:30:56.357Z" },
]

[[package]]
name = "azure-devops"
version = "7.1.0b3"
source = { registry = "https://pypi.org/simple" }
dependencies = [
    { name = "msrest" },
]
sdist = { url = "https://files.pythonhosted.org/packages/48/1b/a6198ee1d90aa9c8d23ff1b3a9f7ea680c445e42a810cb32f465990bcd01/azure-devops-7.1.0b3.tar.gz", hash = "sha256:644e34d110f016e65c7b36647274c90c20223bf2ecca9be8806aa5a4c754b4e7", size = 1336724, upload-time = "2023-04-26T17:39:02.859Z" }
wheels = [
    { url = "https://files.pythonhosted.org/packages/2f/26/0be5efeeef498ac42b2c1c0d29dd9dc1917e19aab7e442a3f521122a7093/azure_devops-7.1.0b3-py3-none-any.whl", hash = "sha256:ef082a59e79e7f5d979481c7737093cb54618f362b216292fcce7f26d9c452c3", size = 1555021, upload-time = "2023-04-26T17:38:59.937Z" },
]

[[package]]
name = "certifi"
version = "2026.4.22"
source = { registry = "https://pypi.org/simple" }
sdist = { url = "https://files.pythonhosted.org/packages/25/ee/6caf7a40c36a1220410afe15a1cc64993a1f864871f698c0f93acb72842a/certifi-2026.4.22.tar.gz", hash = "sha256:8d455352a37b71bf76a79caa83a3d6c25afee4a385d632127b6afb3963f1c580", size = 137077, upload-time = "2026-04-22T11:26:11.191Z" }
wheels = [
    { url = "https://files.pythonhosted.org/packages/22/30/7cd8fdcdfbc5b869528b079bfb76dcdf6056b1a2097a662e5e8c04f42965/certifi-2026.4.22-py3-none-any.whl", hash = "sha256:3cb2210c8f88ba2318d29b0388d1023c8492ff72ecdde4ebdaddbb13a31b1c4a", size = 135707, upload-time = "2026-04-22T11:26:09.372Z" },
]

[[package]]
name = "charset-normalizer"
version = "2.0.12"
source = { registry = "https://pypi.org/simple" }
sdist = { url = "https://files.pythonhosted.org/packages/56/31/7bcaf657fafb3c6db8c787a865434290b726653c912085fbd371e9b92e1c/charset-normalizer-2.0.12.tar.gz", hash = "sha256:2857e29ff0d34db842cd7ca3230549d1a697f96ee6d3fb071cfa6c7393832597", size = 79105, upload-time = "2022-02-12T14:33:13.788Z" }
wheels = [
    { url = "https://files.pythonhosted.org/packages/06/b3/24afc8868eba069a7f03650ac750a778862dc34941a4bebeb58706715726/charset_normalizer-2.0.12-py3-none-any.whl", hash = "sha256:6881edbebdb17b39b4eaaa821b438bf6eddffb4468cf344f09f89def34a8b1df", size = 39623, upload-time = "2022-02-12T14:33:12.294Z" },
]

[[package]]
name = "defusedxml"
version = "0.7.1"
source = { registry = "https://pypi.org/simple" }
sdist = { url = "https://files.pythonhosted.org/packages/0f/d5/c66da9b79e5bdb124974bfe172b4daf3c984ebd9c2a06e2b8a4dc7331c72/defusedxml-0.7.1.tar.gz", hash = "sha256:1bb3032db185915b62d7c6209c5a8792be6a32ab2fedacc84e01b52c51aa3e69", size = 75520, upload-time = "2021-03-08T10:59:26.269Z" }
wheels = [
    { url = "https://files.pythonhosted.org/packages/07/6c/aa3f2f849e01cb6a001cd8554a88d4c77c5c1a31c95bdf1cf9301e6d9ef4/defusedxml-0.7.1-py2.py3-none-any.whl", hash = "sha256:a352e7e428770286cc899e2542b6cdaedb2b4953ff269a210103ec58f6198a61", size = 25604, upload-time = "2021-03-08T10:59:24.45Z" },
]

[[package]]
name = "idna"
version = "3.14"
source = { registry = "https://pypi.org/simple" }
sdist = { url = "https://files.pythonhosted.org/packages/05/b1/efac073e0c297ecf2fb33c346989a529d4e19164f1759102dee5953ee17e/idna-3.14.tar.gz", hash = "sha256:466d810d7a2cc1022bea9b037c39728d51ae7dad40d480fc9b7d7ecf98ba8ee3", size = 198272, upload-time = "2026-05-10T20:32:15.935Z" }
wheels = [
    { url = "https://files.pythonhosted.org/packages/6c/3c/3f62dee257eb3d6b2c1ef2a09d36d9793c7111156a73b5654d2c2305e5ce/idna-3.14-py3-none-any.whl", hash = "sha256:e677eaf072e290f7b725f9acf0b3a2bd55f9fd6f7c70abe5f0e34823d0accf69", size = 72184, upload-time = "2026-05-10T20:32:14.295Z" },
]

[[package]]
name = "isodate"
version = "0.7.2"
source = { registry = "https://pypi.org/simple" }
sdist = { url = "https://files.pythonhosted.org/packages/54/4d/e940025e2ce31a8ce1202635910747e5a87cc3a6a6bb2d00973375014749/isodate-0.7.2.tar.gz", hash = "sha256:4cd1aa0f43ca76f4a6c6c0292a85f40b35ec2e43e315b59f06e6d32171a953e6", size = 29705, upload-time = "2024-10-08T23:04:11.5Z" }
wheels = [
    { url = "https://files.pythonhosted.org/packages/15/aa/0aca39a37d3c7eb941ba736ede56d689e7be91cab5d9ca846bde3999eba6/isodate-0.7.2-py3-none-any.whl", hash = "sha256:28009937d8031054830160fce6d409ed342816b543597cece116d966c6d99e15", size = 22320, upload-time = "2024-10-08T23:04:09.501Z" },
]

[[package]]
name = "jira"
version = "3.5.0"
source = { registry = "https://pypi.org/simple" }
dependencies = [
    { name = "defusedxml" },
    { name = "packaging" },
    { name = "requests" },
    { name = "requests-oauthlib" },
    { name = "requests-toolbelt" },
    { name = "typing-extensions" },
]
sdist = { url = "https://files.pythonhosted.org/packages/3b/62/87040b64073bd440a37d674b8cb4e374fc1695f615a4d5d2347f3d930471/jira-3.5.0.tar.gz", hash = "sha256:1b82b860d5ad10bda411a532269dcff5031a98d84adcba9ba453036c3b5ebd17", size = 95569, upload-time = "2023-03-11T21:20:05.639Z" }
wheels = [
    { url = "https://files.pythonhosted.org/packages/60/15/4ebb29cffafa840f6a7cdc6cb6e1e9fa9102b6c43acdbaed97257a975f55/jira-3.5.0-py3-none-any.whl", hash = "sha256:b188e13f430a95437d3152481799ecfccb9773194a57be076c1ca3e5fb93f6bb", size = 71755, upload-time = "2023-03-11T21:20:03.598Z" },
]

[[package]]
name = "msrest"
version = "0.7.1"
source = { registry = "https://pypi.org/simple" }
dependencies = [
    { name = "azure-core" },
    { name = "certifi" },
    { name = "isodate" },
    { name = "requests" },
    { name = "requests-oauthlib" },
]
sdist = { url = "https://files.pythonhosted.org/packages/68/77/8397c8fb8fc257d8ea0fa66f8068e073278c65f05acb17dcb22a02bfdc42/msrest-0.7.1.zip", hash = "sha256:6e7661f46f3afd88b75667b7187a92829924446c7ea1d169be8c4bb7eeb788b9", size = 175332, upload-time = "2022-06-13T22:41:25.111Z" }
wheels = [
    { url = "https://files.pythonhosted.org/packages/15/cf/f2966a2638144491f8696c27320d5219f48a072715075d168b31d3237720/msrest-0.7.1-py3-none-any.whl", hash = "sha256:21120a810e1233e5e6cc7fe40b474eeb4ec6f757a15d7cf86702c369f9567c32", size = 85384, upload-time = "2022-06-13T22:41:22.42Z" },
]

[[package]]
name = "oauthlib"
version = "3.3.1"
source = { registry = "https://pypi.org/simple" }
sdist = { url = "https://files.pythonhosted.org/packages/0b/5f/19930f824ffeb0ad4372da4812c50edbd1434f678c90c2733e1188edfc63/oauthlib-3.3.1.tar.gz", hash = "sha256:0f0f8aa759826a193cf66c12ea1af1637f87b9b4622d46e866952bb022e538c9", size = 185918, upload-time = "2025-06-19T22:48:08.269Z" }
wheels = [
    { url = "https://files.pythonhosted.org/packages/be/9c/92789c596b8df838baa98fa71844d84283302f7604ed565dafe5a6b5041a/oauthlib-3.3.1-py3-none-any.whl", hash = "sha256:88119c938d2b8fb88561af5f6ee0eec8cc8d552b7bb1f712743136eb7523b7a1", size = 160065, upload-time = "2025-06-19T22:48:06.508Z" },
]

[[package]]
name = "packaging"
version = "26.2"
source = { registry = "https://pypi.org/simple" }
sdist = { url = "https://files.pythonhosted.org/packages/d7/f1/e7a6dd94a8d4a5626c03e4e99c87f241ba9e350cd9e6d75123f992427270/packaging-26.2.tar.gz", hash = "sha256:ff452ff5a3e828ce110190feff1178bb1f2ea2281fa2075aadb987c2fb221661", size = 228134, upload-time = "2026-04-24T20:15:23.917Z" }
wheels = [
    { url = "https://files.pythonhosted.org/packages/df/b2/87e62e8c3e2f4b32e5fe99e0b86d576da1312593b39f47d8ceef365e95ed/packaging-26.2-py3-none-any.whl", hash = "sha256:5fc45236b9446107ff2415ce77c807cee2862cb6fac22b8a73826d0693b0980e", size = 100195, upload-time = "2026-04-24T20:15:22.081Z" },
]

[[package]]
name = "python-dotenv"
version = "0.19.0"
source = { registry = "https://pypi.org/simple" }
sdist = { url = "https://files.pythonhosted.org/packages/59/39/20eb771fc2113fb67638d4f2e1905c51b0c75862d09018a393470234a51c/python-dotenv-0.19.0.tar.gz", hash = "sha256:f521bc2ac9a8e03c736f62911605c5d83970021e3fa95b37d769e2bbbe9b6172", size = 32016, upload-time = "2021-07-24T16:06:28.234Z" }
wheels = [
    { url = "https://files.pythonhosted.org/packages/f5/d6/4b6268fad900fcb064e4344aa563b22688f0b38dcd857b500b2b5cc445c6/python_dotenv-0.19.0-py2.py3-none-any.whl", hash = "sha256:aae25dc1ebe97c420f50b81fb0e5c949659af713f31fdb63c749ca68748f34b1", size = 17525, upload-time = "2021-07-24T16:06:26.829Z" },
]

[[package]]
name = "python-redmine"
version = "2.3.0"
source = { registry = "https://pypi.org/simple" }
dependencies = [
    { name = "requests" },
]
sdist = { url = "https://files.pythonhosted.org/packages/4c/d8/9ac9da439397965b05bea6a6c99d9ed5791a26371286c7cc0f26820c1dc7/python-redmine-2.3.0.tar.gz", hash = "sha256:96889d1ae59b5830337e2c2fff1e2ce54103e52bbb632bd7c648f7d2d0274d25", size = 67915, upload-time = "2020-05-21T11:55:51.068Z" }
wheels = [
    { url = "https://files.pythonhosted.org/packages/c2/03/e856b9dabe1485ff019390234c53ad537accd11b3360c4bb6470369ddea8/python_redmine-2.3.0-py2.py3-none-any.whl", hash = "sha256:502680473a3f9b7a001f788969c62081023afa83d896c0a54963aed3cf198b89", size = 50837, upload-time = "2020-05-21T11:55:48.912Z" },
]

[[package]]
name = "requests"
version = "2.26.0"
source = { registry = "https://pypi.org/simple" }
dependencies = [
    { name = "certifi" },
    { name = "charset-normalizer" },
    { name = "idna" },
    { name = "urllib3" },
]
sdist = { url = "https://files.pythonhosted.org/packages/e7/01/3569e0b535fb2e4a6c384bdbed00c55b9d78b5084e0fb7f4d0bf523d7670/requests-2.26.0.tar.gz", hash = "sha256:b8aa58f8cf793ffd8782d3d8cb19e66ef36f7aba4353eec859e74678b01b07a7", size = 104433, upload-time = "2021-07-13T14:55:08.972Z" }
wheels = [
    { url = "https://files.pythonhosted.org/packages/92/96/144f70b972a9c0eabbd4391ef93ccd49d0f2747f4f6a2a2738e99e5adc65/requests-2.26.0-py2.py3-none-any.whl", hash = "sha256:6c1246513ecd5ecd4528a0906f910e8f0f9c6b8ec72030dc9fd154dc1a6efd24", size = 62251, upload-time = "2021-07-13T14:55:06.933Z" },
]

[[package]]
name = "requests-oauthlib"
version = "2.0.0"
source = { registry = "https://pypi.org/simple" }
dependencies = [
    { name = "oauthlib" },
    { name = "requests" },
]
sdist = { url = "https://files.pythonhosted.org/packages/42/f2/05f29bc3913aea15eb670be136045bf5c5bbf4b99ecb839da9b422bb2c85/requests-oauthlib-2.0.0.tar.gz", hash = "sha256:b3dffaebd884d8cd778494369603a9e7b58d29111bf6b41bdc2dcd87203af4e9", size = 55650, upload-time = "2024-03-22T20:32:29.939Z" }
wheels = [
    { url = "https://files.pythonhosted.org/packages/3b/5d/63d4ae3b9daea098d5d6f5da83984853c1bbacd5dc826764b249fe119d24/requests_oauthlib-2.0.0-py2.py3-none-any.whl", hash = "sha256:7dd8a5c40426b779b0868c404bdef9768deccf22749cde15852df527e6269b36", size = 24179, upload-time = "2024-03-22T20:32:28.055Z" },
]

[[package]]
name = "requests-toolbelt"
version = "1.0.0"
source = { registry = "https://pypi.org/simple" }
dependencies = [
    { name = "requests" },
]
sdist = { url = "https://files.pythonhosted.org/packages/f3/61/d7545dafb7ac2230c70d38d31cbfe4cc64f7144dc41f6e4e4b78ecd9f5bb/requests-toolbelt-1.0.0.tar.gz", hash = "sha256:7681a0a3d047012b5bdc0ee37d7f8f07ebe76ab08caeccfc3921ce23c88d5bc6", size = 206888, upload-time = "2023-05-01T04:11:33.229Z" }
wheels = [
    { url = "https://files.pythonhosted.org/packages/3f/51/d4db610ef29373b879047326cbf6fa98b6c1969d6f6dc423279de2b1be2c/requests_toolbelt-1.0.0-py2.py3-none-any.whl", hash = "sha256:cccfdd665f0a24fcf4726e690f65639d272bb0637b9b92dfd91a5568ccf6bd06", size = 54481, upload-time = "2023-05-01T04:11:28.427Z" },
]

[[package]]
name = "script-timecamp-projects-sync"
version = "0.1.0"
source = { virtual = "." }
dependencies = [
    { name = "azure-devops" },
    { name = "jira" },
    { name = "python-dotenv" },
    { name = "python-redmine" },
    { name = "requests" },
]

[package.metadata]
requires-dist = [
    { name = "azure-devops", specifier = "==7.1.0b3" },
    { name = "jira", specifier = "==3.5.0" },
    { name = "python-dotenv", specifier = "==0.19.0" },
    { name = "python-redmine", specifier = "==2.3.0" },
    { name = "requests", specifier = "==2.26.0" },
]

[[package]]
name = "typing-extensions"
version = "4.15.0"
source = { registry = "https://pypi.org/simple" }
sdist = { url = "https://files.pythonhosted.org/packages/72/94/1a15dd82efb362ac84269196e94cf00f187f7ed21c242792a923cdb1c61f/typing_extensions-4.15.0.tar.gz", hash = "sha256:0cea48d173cc12fa28ecabc3b837ea3cf6f38c6d1136f85cbaaf598984861466", size = 109391, upload-time = "2025-08-25T13:49:26.313Z" }
wheels = [
    { url = "https://files.pythonhosted.org/packages/18/67/36e9267722cc04a6b9f15c7f3441c2363321a3ea07da7ae0c0707beb2a9c/typing_extensions-4.15.0-py3-none-any.whl", hash = "sha256:f0fa19c6845758ab08074a0cfa8b7aecb71c999ca73d62883bc25cc018c4e548", size = 44614, upload-time = "2025-08-25T13:49:24.86Z" },
]

[[package]]
name = "urllib3"
version = "1.26.20"
source = { registry = "https://pypi.org/simple" }
sdist = { url = "https://files.pythonhosted.org/packages/e4/e8/6ff5e6bc22095cfc59b6ea711b687e2b7ed4bdb373f7eeec370a97d7392f/urllib3-1.26.20.tar.gz", hash = "sha256:40c2dc0c681e47eb8f90e7e27bf6ff7df2e677421fd46756da1161c39ca70d32", size = 307380, upload-time = "2024-08-29T15:43:11.37Z" }
wheels = [
    { url = "https://files.pythonhosted.org/packages/33/cf/8435d5a7159e2a9c83a95896ed596f68cf798005fe107cc655b5c5c14704/urllib3-1.26.20-py2.py3-none-any.whl", hash = "sha256:0ed14ccfbf1c30a9072c7ca157e4319b70d65f623e91e7b32fadb2853431016e", size = 144225, upload-time = "2024-08-29T15:43:08.921Z" },
]
